// !$*UTF8*$!
{
	archiveVersion = 1;
	classes = {
	};
	objectVersion = 55;
	objects = {

/* Begin PBXBuildFile section */
		00D451D0273434CA00498E60 /* AppDelegate.swift in Sources */ = {isa = PBXBuildFile; fileRef = 00D451CF273434CA00498E60 /* AppDelegate.swift */; };
		00D451D2273434CA00498E60 /* art.scnassets in Resources */ = {isa = PBXBuildFile; fileRef = 00D451D1273434CA00498E60 /* art.scnassets */; };
		00D451D4273434CA00498E60 /* ViewController.swift in Sources */ = {isa = PBXBuildFile; fileRef = 00D451D3273434CA00498E60 /* ViewController.swift */; };
		00D451D7273434CA00498E60 /* Main.storyboard in Resources */ = {isa = PBXBuildFile; fileRef = 00D451D5273434CA00498E60 /* Main.storyboard */; };
		00D451D9273434CF00498E60 /* Assets.xcassets in Resources */ = {isa = PBXBuildFile; fileRef = 00D451D8273434CF00498E60 /* Assets.xcassets */; };
		00D451DC273434CF00498E60 /* LaunchScreen.storyboard in Resources */ = {isa = PBXBuildFile; fileRef = 00D451DA273434CF00498E60 /* LaunchScreen.storyboard */; };
		00D451E6273434CF00498E60 /* ARDemoTests.swift in Sources */ = {isa = PBXBuildFile; fileRef = 00D451E5273434CF00498E60 /* ARDemoTests.swift */; };
		00D451F0273434CF00498E60 /* ARDemoUITests.swift in Sources */ = {isa = PBXBuildFile; fileRef = 00D451EF273434CF00498E60 /* ARDemoUITests.swift */; };
		00D451F2273434CF00498E60 /* ARDemoUITestsLaunchTests.swift in Sources */ = {isa = PBXBuildFile; fileRef = 00D451F1273434CF00498E60 /* ARDemoUITestsLaunchTests.swift */; };
/* End PBXBuildFile section */

/* Begin PBXContainerItemProxy section */
		00D451E2273434CF00498E60 /* PBXContainerItemProxy */ = {
			isa = PBXContainerItemProxy;
			containerPortal = 00D451C4273434CA00498E60 /* Project object */;
			proxyType = 1;
			remoteGlobalIDString = 00D451CB273434CA00498E60;
			remoteInfo = ARDemo;
		};
		00D451EC273434CF00498E60 /* PBXContainerItemProxy */ = {
			isa = PBXContainerItemProxy;
			containerPortal = 00D451C4273434CA00498E60 /* Project object */;
			proxyType = 1;
			remoteGlobalIDString = 00D451CB273434CA00498E60;
			remoteInfo = ARDemo;
		};
/* End PBXContainerItemProxy section */

/* Begin PBXFileReference section */
		00D451CC273434CA00498E60 /* ARDemo.app */ = {isa = PBXFileReference; explicitFileType = wrapper.application; includeInIndex = 0; path = ARDemo.app; sourceTree = BUILT_PRODUCTS_DIR; };
		00D451CF273434CA00498E60 /* AppDelegate.swift */ = {isa = PBXFileReference; lastKnownFileType = sourcecode.swift; path = AppDelegate.swift; sourceTree = "<group>"; };
		00D451D1273434CA00498E60 /* art.scnassets */ = {isa = PBXFileReference; lastKnownFileType = wrapper.scnassets; path = art.scnassets; sourceTree = "<group>"; };
		00D451D3273434CA00498E60 /* ViewController.swift */ = {isa = PBXFileReference; lastKnownFileType = sourcecode.swift; path = ViewController.swift; sourceTree = "<group>"; };
		00D451D6273434CA00498E60 /* Base */ = {isa = PBXFileReference; lastKnownFileType = file.storyboard; name = Base; path = Base.lproj/Main.storyboard; sourceTree = "<group>"; };
		00D451D8273434CF00498E60 /* Assets.xcassets */ = {isa = PBXFileReference; lastKnownFileType = folder.assetcatalog; path = Assets.xcassets; sourceTree = "<group>"; };
		00D451DB273434CF00498E60 /* Base */ = {isa = PBXFileReference; lastKnownFileType = file.storyboard; name = Base; path = Base.lproj/LaunchScreen.storyboard; sourceTree = "<group>"; };
		00D451E1273434CF00498E60 /* ARDemoTests.xctest */ = {isa = PBXFileReference; explicitFileType = wrapper.cfbundle; includeInIndex = 0; path = ARDemoTests.xctest; sourceTree = BUILT_PRODUCTS_DIR; };
		00D451E5273434CF00498E60 /* ARDemoTests.swift */ = {isa = PBXFileReference; lastKnownFileType = sourcecode.swift; path = ARDemoTests.swift; sourceTree = "<group>"; };
		00D451EB273434CF00498E60 /* ARDemoUITests.xctest */ = {isa = PBXFileReference; explicitFileType = wrapper.cfbundle; includeInIndex = 0; path = ARDemoUITests.xctest; sourceTree = BUILT_PRODUCTS_DIR; };
		00D451EF273434CF00498E60 /* ARDemoUITests.swift */ = {isa = PBXFileReference; lastKnownFileType = sourcecode.swift; path = ARDemoUITests.swift; sourceTree = "<group>"; };
		00D451F1273434CF00498E60 /* ARDemoUITestsLaunchTests.swift */ = {isa = PBXFileReference; lastKnownFileType = sourcecode.swift; path = ARDemoUITestsLaunchTests.swift; sourceTree = "<group>"; };
		00D451FE2734370400498E60 /* yt5s.com-1 min by cartoon(360p).mp4 */ = {isa = PBXFileReference; lastKnownFileType = file; path = "yt5s.com-1 min by cartoon(360p).mp4"; sourceTree = "<group>"; };
/* End PBXFileReference section */

/* Begin PBXFrameworksBuildPhase section */
		00D451C9273434CA00498E60 /* Frameworks */ = {
			isa = PBXFrameworksBuildPhase;
			buildActionMask = 2147483647;
			files = (
			);
			runOnlyForDeploymentPostprocessing = 0;
		};
		00D451DE273434CF00498E60 /* Frameworks */ = {
			isa = PBXFrameworksBuildPhase;
			buildActionMask = 2147483647;
			files = (
			);
			runOnlyForDeploymentPostprocessing = 0;
		};
		00D451E8273434CF00498E60 /* Frameworks */ = {
			isa = PBXFrameworksBuildPhase;
			buildActionMask = 2147483647;
			files = (
			);
			runOnlyForDeploymentPostprocessing = 0;
		};
/* End PBXFrameworksBuildPhase section */

/* Begin PBXGroup section */
		00D451C3273434CA00498E60 = {
			isa = PBXGroup;
			children = (
				00D451CE273434CA00498E60 /* ARDemo */,
				00D451E4273434CF00498E60 /* ARDemoTests */,
				00D451EE273434CF00498E60 /* ARDemoUITests */,
				00D451CD273434CA00498E60 /* Products */,
			);
			sourceTree = "<group>";
		};
		00D451CD273434CA00498E60 /* Products */ = {
			isa = PBXGroup;
			children = (
				00D451CC273434CA00498E60 /* ARDemo.app */,
				00D451E1273434CF00498E60 /* ARDemoTests.xctest */,
				00D451EB273434CF00498E60 /* ARDemoUITests.xctest */,
			);
			name = Products;
			sourceTree = "<group>";
		};
		00D451CE273434CA00498E60 /* ARDemo */ = {
			isa = PBXGroup;
			children = (
				00D451CF273434CA00498E60 /* AppDelegate.swift */,
				00D451FE2734370400498E60 /* yt5s.com-1 min by cartoon(360p).mp4 */,
				00D451D1273434CA00498E60 /* art.scnassets */,
				00D451D3273434CA00498E60 /* ViewController.swift */,
				00D451D5273434CA00498E60 /* Main.storyboard */,
				00D451D8273434CF00498E60 /* Assets.xcassets */,
				00D451DA273434CF00498E60 /* LaunchScreen.storyboard */,
			);
			path = ARDemo;
			sourceTree = "<group>";
		};
		00D451E4273434CF00498E60 /* ARDemoTests */ = {
			isa = PBXGroup;
			children = (
				00D451E5273434CF00498E60 /* ARDemoTests.swift */,
			);
			path = ARDemoTests;
			sourceTree = "<group>";
		};
		00D451EE273434CF00498E60 /* ARDemoUITests */ = {
			isa = PBXGroup;
			children = (
				00D451EF273434CF00498E60 /* ARDemoUITests.swift */,
				00D451F1273434CF00498E60 /* ARDemoUITestsLaunchTests.swift */,
			);
			path = ARDemoUITests;
			sourceTree = "<group>";
		};
/* End PBXGroup section */

/* Begin PBXNativeTarget section */
		00D451CB273434CA00498E60 /* ARDemo */ = {
			isa = PBXNativeTarget;
			buildConfigurationList = 00D451F5273434CF00498E60 /* Build configuration list for PBXNativeTarget "ARDemo" */;
			buildPhases = (
				00D451C8273434CA00498E60 /* Sources */,
				00D451C9273434CA00498E60 /* Frameworks */,
				00D451CA273434CA00498E60 /* Resources */,
			);
			buildRules = (
			);
			dependencies = (
			);
			name = ARDemo;
			productName = ARDemo;
			productReference = 00D451CC273434CA00498E60 /* ARDemo.app */;
			productType = "com.apple.product-type.application";
		};
		00D451E0273434CF00498E60 /* ARDemoTests */ = {
			isa = PBXNativeTarget;
			buildConfigurationList = 00D451F8273434CF00498E60 /* Build configuration list for PBXNativeTarget "ARDemoTests" */;
			buildPhases = (
				00D451DD273434CF00498E60 /* Sources */,
				00D451DE273434CF00498E60 /* Frameworks */,
				00D451DF273434CF00498E60 /* Resources */,
			);
			buildRules = (
			);
			dependencies = (
				00D451E3273434CF00498E60 /* PBXTargetDependency */,
			);
			name = ARDemoTests;
			productName = ARDemoTests;
			productReference = 00D451E1273434CF00498E60 /* ARDemoTests.xctest */;
			productType = "com.apple.product-type.bundle.unit-test";
		};
		00D451EA273434CF00498E60 /* ARDemoUITests */ = {
			isa = PBXNativeTarget;
			buildConfigurationList = 00D451FB273434CF00498E60 /* Build configuration list for PBXNativeTarget "ARDemoUITests" */;
			buildPhases = (
				00D451E7273434CF00498E60 /* Sources */,
				00D451E8273434CF00498E60 /* Frameworks */,
				00D451E9273434CF00498E60 /* Resources */,
			);
			buildRules = (
			);
			dependencies = (
				00D451ED273434CF00498E60 /* PBXTargetDependency */,
			);
			name = ARDemoUITests;
			productName = ARDemoUITests;
			productReference = 00D451EB273434CF00498E60 /* ARDemoUITests.xctest */;
			productType = "com.apple.product-type.bundle.ui-testing";
		};
/* End PBXNativeTarget section */

/* Begin PBXProject section */
		00D451C4273434CA00498E60 /* Project object */ = {
			isa = PBXProject;
			attributes = {
				BuildIndependentTargetsInParallel = 1;
				LastSwiftUpdateCheck = 1310;
				LastUpgradeCheck = 1310;
				TargetAttributes = {
					00D451CB273434CA00498E60 = {
						CreatedOnToolsVersion = 13.1;
					};
					00D451E0273434CF00498E60 = {
						CreatedOnToolsVersion = 13.1;
						TestTargetID = 00D451CB273434CA00498E60;
					};
					00D451EA273434CF00498E60 = {
						CreatedOnToolsVersion = 13.1;
						TestTargetID = 00D451CB273434CA00498E60;
					};
				};
			};
			buildConfigurationList = 00D451C7273434CA00498E60 /* Build configuration list for PBXProject "ARDemo" */;
			compatibilityVersion = "Xcode 13.0";
			developmentRegion = en;
			hasScannedForEncodings = 0;
			knownRegions = (
				en,
				Base,
			);
			mainGroup = 00D451C3273434CA00498E60;
			productRefGroup = 00D451CD273434CA00498E60 /* Products */;
			projectDirPath = "";
			projectRoot = "";
			targets = (
				00D451CB273434CA00498E60 /* ARDemo */,
				00D451E0273434CF00498E60 /* ARDemoTests */,
				00D451EA273434CF00498E60 /* ARDemoUITests */,
			);
		};
/* End PBXProject section */

/* Begin PBXResourcesBuildPhase section */
		00D451CA273434CA00498E60 /* Resources */ = {
			isa = PBXResourcesBuildPhase;
			buildActionMask = 2147483647;
			files = (
				00D451D2273434CA00498E60 /* art.scnassets in Resources */,
				00D451DC273434CF00498E60 /* LaunchScreen.storyboard in Resources */,
				00D451D9273434CF00498E60 /* Assets.xcassets in Resources */,
				00D451D7273434CA00498E60 /* Main.storyboard in Resources */,
			);
			runOnlyForDeploymentPostprocessing = 0;
		};
		00D451DF273434CF00498E60 /* Resources */ = {
			isa = PBXResourcesBuildPhase;
			buildActionMask = 2147483647;
			files = (
			);
			runOnlyForDeploymentPostprocessing = 0;
		};
		00D451E9273434CF00498E60 /* Resources */ = {
			isa = PBXResourcesBuildPhase;
			buildActionMask = 2147483647;
			files = (
			);
			runOnlyForDeploymentPostprocessing = 0;
		};
/* End PBXResourcesBuildPhase section */

/* Begin PBXSourcesBuildPhase section */
		00D451C8273434CA00498E60 /* Sources */ = {
			isa = PBXSourcesBuildPhase;
			buildActionMask = 2147483647;
			files = (
				00D451D4273434CA00498E60 /* ViewController.swift in Sources */,
				00D451D0273434CA00498E60 /* AppDelegate.swift in Sources */,
			);
			runOnlyForDeploymentPostprocessing = 0;
		};
		00D451DD273434CF00498E60 /* Sources */ = {
			isa = PBXSourcesBuildPhase;
			buildActionMask = 2147483647;
			files = (
				00D451E6273434CF00498E60 /* ARDemoTests.swift in Sources */,
			);
			runOnlyForDeploymentPostprocessing = 0;
		};
		00D451E7273434CF00498E60 /* Sources */ = {
			isa = PBXSourcesBuildPhase;
			buildActionMask = 2147483647;
			files = (
				00D451F2273434CF00498E60 /* ARDemoUITestsLaunchTests.swift in Sources */,
				00D451F0273434CF00498E60 /* ARDemoUITests.swift in Sources */,
			);
			runOnlyForDeploymentPostprocessing = 0;
		};
/* End PBXSourcesBuildPhase section */

/* Begin PBXTargetDependency section */
		00D451E3273434CF00498E60 /* PBXTargetDependency */ = {
			isa = PBXTargetDependency;
			target = 00D451CB273434CA00498E60 /* ARDemo */;
			targetProxy = 00D451E2273434CF00498E60 /* PBXContainerItemProxy */;
		};
		00D451ED273434CF00498E60 /* PBXTargetDependency */ = {
			isa = PBXTargetDependency;
			target = 00D451CB273434CA00498E60 /* ARDemo */;
			targetProxy = 00D451EC273434CF00498E60 /* PBXContainerItemProxy */;
		};
/* End PBXTargetDependency section */

/* Begin PBXVariantGroup section */
		00D451D5273434CA00498E60 /* Main.storyboard */ = {
			isa = PBXVariantGroup;
			children = (
				00D451D6273434CA00498E60 /* Base */,
			);
			name = Main.storyboard;
			sourceTree = "<group>";
		};
		00D451DA273434CF00498E60 /* LaunchScreen.storyboard */ = {
			isa = PBXVariantGroup;
			children = (
				00D451DB273434CF00498E60 /* Base */,
			);
			name = LaunchScreen.storyboard;
			sourceTree = "<group>";
		};
/* End PBXVariantGroup section */

/* Begin XCBuildConfiguration section */
		00D451F3273434CF00498E60 /* Debug */ = {
			isa = XCBuildConfiguration;
			buildSettings = {
				ALWAYS_SEARCH_USER_PATHS = NO;
				CLANG_ANALYZER_NONNULL = YES;
				CLANG_ANALYZER_NUMBER_OBJECT_CONVERSION = YES_AGGRESSIVE;
				CLANG_CXX_LANGUAGE_STANDARD = "gnu++17";
				CLANG_CXX_LIBRARY = "libc++";
				CLANG_ENABLE_MODULES = YES;
				CLANG_ENABLE_OBJC_ARC = YES;
				CLANG_ENABLE_OBJC_WEAK = YES;
				CLANG_WARN_BLOCK_CAPTURE_AUTORELEASING = YES;
				CLANG_WARN_BOOL_CONVERSION = YES;
				CLANG_WARN_COMMA = YES;
				CLANG_WARN_CONSTANT_CONVERSION = YES;
				CLANG_WARN_DEPRECATED_OBJC_IMPLEMENTATIONS = YES;
				CLANG_WARN_DIRECT_OBJC_ISA_USAGE = YES_ERROR;
				CLANG_WARN_DOCUMENTATION_COMMENTS = YES;
				CLANG_WARN_EMPTY_BODY = YES;
				CLANG_WARN_ENUM_CONVERSION = YES;
				CLANG_WARN_INFINITE_RECURSION = YES;
				CLANG_WARN_INT_CONVERSION = YES;
				CLANG_WARN_NON_LITERAL_NULL_CONVERSION = YES;
				CLANG_WARN_OBJC_IMPLICIT_RETAIN_SELF = YES;
				CLANG_WARN_OBJC_LITERAL_CONVERSION = YES;
				CLANG_WARN_OBJC_ROOT_CLASS = YES_ERROR;
				CLANG_WARN_QUOTED_INCLUDE_IN_FRAMEWORK_HEADER = YES;
				CLANG_WARN_RANGE_LOOP_ANALYSIS = YES;
				CLANG_WARN_STRICT_PROTOTYPES = YES;
				CLANG_WARN_SUSPICIOUS_MOVE = YES;
				CLANG_WARN_UNGUARDED_AVAILABILITY = YES_AGGRESSIVE;
				CLANG_WARN_UNREACHABLE_CODE = YES;
				CLANG_WARN__DUPLICATE_METHOD_MATCH = YES;
				COPY_PHASE_STRIP = NO;
				DEBUG_INFORMATION_FORMAT = dwarf;
				ENABLE_STRICT_OBJC_MSGSEND = YES;
				ENABLE_TESTABILITY = YES;
				GCC_C_LANGUAGE_STANDARD = gnu11;
				GCC_DYNAMIC_NO_PIC = NO;
				GCC_NO_COMMON_BLOCKS = YES;
				GCC_OPTIMIZATION_LEVEL = 0;
				GCC_PREPROCESSOR_DEFINITIONS = (
					"DEBUG=1",
					"$(inherited)",
				);
				GCC_WARN_64_TO_32_BIT_CONVERSION = YES;
				GCC_WARN_ABOUT_RETURN_TYPE = YES_ERROR;
				GCC_WARN_UNDECLARED_SELECTOR = YES;
				GCC_WARN_UNINITIALIZED_AUTOS = YES_AGGRESSIVE;
				GCC_WARN_UNUSED_FUNCTION = YES;
				GCC_WARN_UNUSED_VARIABLE = YES;
				IPHONEOS_DEPLOYMENT_TARGET = 15.0;
				MTL_ENABLE_DEBUG_INFO = INCLUDE_SOURCE;
				MTL_FAST_MATH = YES;
				ONLY_ACTIVE_ARCH = YES;
				SDKROOT = iphoneos;
				SWIFT_ACTIVE_COMPILATION_CONDITIONS = DEBUG;
				SWIFT_OPTIMIZATION_LEVEL = "-Onone";
			};
			name = Debug;
		};
		00D451F4273434CF00498E60 /* Release */ = {
			isa = XCBuildConfiguration;
			buildSettings = {
				ALWAYS_SEARCH_USER_PATHS = NO;
				CLANG_ANALYZER_NONNULL = YES;
				CLANG_ANALYZER_NUMBER_OBJECT_CONVERSION = YES_AGGRESSIVE;
				CLANG_CXX_LANGUAGE_STANDARD = "gnu++17";
				CLANG_CXX_LIBRARY = "libc++";
				CLANG_ENABLE_MODULES = YES;
				CLANG_ENABLE_OBJC_ARC = YES;
				CLANG_ENABLE_OBJC_WEAK = YES;
				CLANG_WARN_BLOCK_CAPTURE_AUTORELEASING = YES;
				CLANG_WARN_BOOL_CONVERSION = YES;
				CLANG_WARN_COMMA = YES;
				CLANG_WARN_CONSTANT_CONVERSION = YES;
				CLANG_WARN_DEPRECATED_OBJC_IMPLEMENTATIONS = YES;
				CLANG_WARN_DIRECT_OBJC_ISA_USAGE = YES_ERROR;
				CLANG_WARN_DOCUMENTATION_COMMENTS = YES;
				CLANG_WARN_EMPTY_BODY = YES;
				CLANG_WARN_ENUM_CONVERSION = YES;
				CLANG_WARN_INFINITE_RECURSION = YES;
				CLANG_WARN_INT_CONVERSION = YES;
				CLANG_WARN_NON_LITERAL_NULL_CONVERSION = YES;
				CLANG_WARN_OBJC_IMPLICIT_RETAIN_SELF = YES;
				CLANG_WARN_OBJC_LITERAL_CONVERSION = YES;
				CLANG_WARN_OBJC_ROOT_CLASS = YES_ERROR;
				CLANG_WARN_QUOTED_INCLUDE_IN_FRAMEWORK_HEADER = YES;
				CLANG_WARN_RANGE_LOOP_ANALYSIS = YES;
				CLANG_WARN_STRICT_PROTOTYPES = YES;
				CLANG_WARN_SUSPICIOUS_MOVE = YES;
				CLANG_WARN_UNGUARDED_AVAILABILITY = YES_AGGRESSIVE;
				CLANG_WARN_UNREACHABLE_CODE = YES;
				CLANG_WARN__DUPLICATE_METHOD_MATCH = YES;
				COPY_PHASE_STRIP = NO;
				DEBUG_INFORMATION_FORMAT = "dwarf-with-dsym";
				ENABLE_NS_ASSERTIONS = NO;
				ENABLE_STRICT_OBJC_MSGSEND = YES;
				GCC_C_LANGUAGE_STANDARD = gnu11;
				GCC_NO_COMMON_BLOCKS = YES;
				GCC_WARN_64_TO_32_BIT_CONVERSION = YES;
				GCC_WARN_ABOUT_RETURN_TYPE = YES_ERROR;
				GCC_WARN_UNDECLARED_SELECTOR = YES;
				GCC_WARN_UNINITIALIZED_AUTOS = YES_AGGRESSIVE;
				GCC_WARN_UNUSED_FUNCTION = YES;
				GCC_WARN_UNUSED_VARIABLE = YES;
				IPHONEOS_DEPLOYMENT_TARGET = 15.0;
				MTL_ENABLE_DEBUG_INFO = NO;
				MTL_FAST_MATH = YES;
				SDKROOT = iphoneos;
				SWIFT_COMPILATION_MODE = wholemodule;
				SWIFT_OPTIMIZATION_LEVEL = "-O";
				VALIDATE_PRODUCT = YES;
			};
			name = Release;
		};
		00D451F6273434CF00498E60 /* Debug */ = {
			isa = XCBuildConfiguration;
			buildSettings = {
				ASSETCATALOG_COMPILER_APPICON_NAME = AppIcon;
				ASSETCATALOG_COMPILER_GLOBAL_ACCENT_COLOR_NAME = AccentColor;
				CODE_SIGN_STYLE = Automatic;
				CURRENT_PROJECT_VERSION = 1;
				DEVELOPMENT_TEAM = 8745G2SY37;
				GENERATE_INFOPLIST_FILE = YES;
				INFOPLIST_KEY_NSCameraUsageDescription = "";
				INFOPLIST_KEY_UIApplicationSupportsIndirectInputEvents = YES;
				INFOPLIST_KEY_UILaunchStoryboardName = LaunchScreen;
				INFOPLIST_KEY_UIMainStoryboardFile = Main;
				INFOPLIST_KEY_UIRequiredDeviceCapabilities = arkit;
				INFOPLIST_KEY_UIStatusBarHidden = YES;
				INFOPLIST_KEY_UISupportedInterfaceOrientations_iPad = "UIInterfaceOrientationPortrait UIInterfaceOrientationPortraitUpsideDown UIInterfaceOrientationLandscapeLeft UIInterfaceOrientationLandscapeRight";
				INFOPLIST_KEY_UISupportedInterfaceOrientations_iPhone = "UIInterfaceOrientationPortrait UIInterfaceOrientationLandscapeLeft UIInterfaceOrientationLandscapeRight";
				LD_RUNPATH_SEARCH_PATHS = (
					"$(inherited)",
					"@executable_path/Frameworks",
				);
				MARKETING_VERSION = 1.0;
				PRODUCT_BUNDLE_IDENTIFIER = "Yasmin-Almousa.ARDemo";
				PRODUCT_NAME = "$(TARGET_NAME)";
				SWIFT_EMIT_LOC_STRINGS = YES;
				SWIFT_VERSION = 5.0;
				TARGETED_DEVICE_FAMILY = "1,2";
			};
			name = Debug;
		};
		00D451F7273434CF00498E60 /* Release */ = {
			isa = XCBuildConfiguration;
			buildSettings = {
				ASSETCATALOG_COMPILER_APPICON_NAME = AppIcon;
				ASSETCATALOG_COMPILER_GLOBAL_ACCENT_COLOR_NAME = AccentColor;
				CODE_SIGN_STYLE = Automatic;
				CURRENT_PROJECT_VERSION = 1;
				DEVELOPMENT_TEAM = 8745G2SY37;
				GENERATE_INFOPLIST_FILE = YES;
				INFOPLIST_KEY_NSCameraUsageDescription = "";
				INFOPLIST_KEY_UIApplicationSupportsIndirectInputEvents = YES;
				INFOPLIST_KEY_UILaunchStoryboardName = LaunchScreen;
				INFOPLIST_KEY_UIMainStoryboardFile = Main;
				INFOPLIST_KEY_UIRequiredDeviceCapabilities = arkit;
				INFOPLIST_KEY_UIStatusBarHidden = YES;
				INFOPLIST_KEY_UISupportedInterfaceOrientations_iPad = "UIInterfaceOrientationPortrait UIInterfaceOrientationPortraitUpsideDown UIInterfaceOrientationLandscapeLeft UIInterfaceOrientationLandscapeRight";
				INFOPLIST_KEY_UISupportedInterfaceOrientations_iPhone = "UIInterfaceOrientationPortrait UIInterfaceOrientationLandscapeLeft UIInterfaceOrientationLandscapeRight";
				LD_RUNPATH_SEARCH_PATHS = (
					"$(inherited)",
					"@executable_path/Frameworks",
				);
				MARKETING_VERSION = 1.0;
				PRODUCT_BUNDLE_IDENTIFIER = "Yasmin-Almousa.ARDemo";
				PRODUCT_NAME = "$(TARGET_NAME)";
				SWIFT_EMIT_LOC_STRINGS = YES;
				SWIFT_VERSION = 5.0;
				TARGETED_DEVICE_FAMILY = "1,2";
			};
			name = Release;
		};
		00D451F9273434CF00498E60 /* Debug */ = {
			isa = XCBuildConfiguration;
			buildSettings = {
				ALWAYS_EMBED_SWIFT_STANDARD_LIBRARIES = YES;
				BUNDLE_LOADER = "$(TEST_HOST)";
				CODE_SIGN_STYLE = Automatic;
				CURRENT_PROJECT_VERSION = 1;
				DEVELOPMENT_TEAM = 8745G2SY37;
				GENERATE_INFOPLIST_FILE = YES;
				IPHONEOS_DEPLOYMENT_TARGET = 15.0;
				LD_RUNPATH_SEARCH_PATHS = (
					"$(inherited)",
					"@executable_path/Frameworks",
					"@loader_path/Frameworks",
				);
				MARKETING_VERSION = 1.0;
				PRODUCT_BUNDLE_IDENTIFIER = "Yasmin-Almousa.ARDemoTests";
				PRODUCT_NAME = "$(TARGET_NAME)";
				SWIFT_EMIT_LOC_STRINGS = NO;
				SWIFT_VERSION = 5.0;
				TARGETED_DEVICE_FAMILY = "1,2";
				TEST_HOST = "$(BUILT_PRODUCTS_DIR)/ARDemo.app/ARDemo";
			};
			name = Debug;
		};
		00D451FA273434CF00498E60 /* Release */ = {
			isa = XCBuildConfiguration;
			buildSettings = {
				ALWAYS_EMBED_SWIFT_STANDARD_LIBRARIES = YES;
				BUNDLE_LOADER = "$(TEST_HOST)";
				CODE_SIGN_STYLE = Automatic;
				CURRENT_PROJECT_VERSION = 1;
				DEVELOPMENT_TEAM = 8745G2SY37;
				GENERATE_INFOPLIST_FILE = YES;
				IPHONEOS_DEPLOYMENT_TARGET = 15.0;
				LD_RUNPATH_SEARCH_PATHS = (
					"$(inherited)",
					"@executable_path/Frameworks",
					"@loader_path/Frameworks",
				);
				MARKETING_VERSION = 1.0;
				PRODUCT_BUNDLE_IDENTIFIER = "Yasmin-Almousa.ARDemoTests";
				PRODUCT_NAME = "$(TARGET_NAME)";
				SWIFT_EMIT_LOC_STRINGS = NO;
				SWIFT_VERSION = 5.0;
				TARGETED_DEVICE_FAMILY = "1,2";
				TEST_HOST = "$(BUILT_PRODUCTS_DIR)/ARDemo.app/ARDemo";
			};
			name = Release;
		};
		00D451FC273434CF00498E60 /* Debug */ = {
			isa = XCBuildConfiguration;
			buildSettings = {
				ALWAYS_EMBED_SWIFT_STANDARD_LIBRARIES = YES;
				CODE_SIGN_STYLE = Automatic;
				CURRENT_PROJECT_VERSION = 1;
				DEVELOPMENT_TEAM = 8745G2SY37;
				GENERATE_INFOPLIST_FILE = YES;
				LD_RUNPATH_SEARCH_PATHS = (
					"$(inherited)",
					"@executable_path/Frameworks",
					"@loader_path/Frameworks",
				);
				MARKETING_VERSION = 1.0;
				PRODUCT_BUNDLE_IDENTIFIER = "Yasmin-Almousa.ARDemoUITests";
				PRODUCT_NAME = "$(TARGET_NAME)";
				SWIFT_EMIT_LOC_STRINGS = NO;
				SWIFT_VERSION = 5.0;
				TARGETED_DEVICE_FAMILY = "1,2";
				TEST_TARGET_NAME = ARDemo;
			};
			name = Debug;
		};
		00D451FD273434CF00498E60 /* Release */ = {
			isa = XCBuildConfiguration;
			buildSettings = {
				ALWAYS_EMBED_SWIFT_STANDARD_LIBRARIES = YES;
				CODE_SIGN_STYLE = Automatic;
				CURRENT_PROJECT_VERSION = 1;
				DEVELOPMENT_TEAM = 8745G2SY37;
				GENERATE_INFOPLIST_FILE = YES;
				LD_RUNPATH_SEARCH_PATHS = (
					"$(inherited)",
					"@executable_path/Frameworks",
					"@loader_path/Frameworks",
				);
				MARKETING_VERSION = 1.0;
				PRODUCT_BUNDLE_IDENTIFIER = "Yasmin-Almousa.ARDemoUITests";
				PRODUCT_NAME = "$(TARGET_NAME)";
				SWIFT_EMIT_LOC_STRINGS = NO;
				SWIFT_VERSION = 5.0;
				TARGETED_DEVICE_FAMILY = "1,2";
				TEST_TARGET_NAME = ARDemo;
			};
			name = Release;
		};
/* End XCBuildConfiguration section */

/* Begin XCConfigurationList section */
		00D451C7273434CA00498E60 /* Build configuration list for PBXProject "ARDemo" */ = {
			isa = XCConfigurationList;
			buildConfigurations = (
				00D451F3273434CF00498E60 /* Debug */,
				00D451F4273434CF00498E60 /* Release */,
			);
			defaultConfigurationIsVisible = 0;
			defaultConfigurationName = Release;
		};
		00D451F5273434CF00498E60 /* Build configuration list for PBXNativeTarget "ARDemo" */ = {
			isa = XCConfigurationList;
			buildConfigurations = (
				00D451F6273434CF00498E60 /* Debug */,
				00D451F7273434CF00498E60 /* Release */,
			);
			defaultConfigurationIsVisible = 0;
			defaultConfigurationName = Release;
		};
		00D451F8273434CF00498E60 /* Build configuration list for PBXNativeTarget "ARDemoTests" */ = {
			isa = XCConfigurationList;
			buildConfigurations = (
				00D451F9273434CF00498E60 /* Debug */,
				00D451FA273434CF00498E60 /* Release */,
			);
			defaultConfigurationIsVisible = 0;
			defaultConfigurationName = Release;
		};
		00D451FB273434CF00498E60 /* Build configuration list for PBXNativeTarget "ARDemoUITests" */ = {
			isa = XCConfigurationList;
			buildConfigurations = (
				00D451FC273434CF00498E60 /* Debug */,
				00D451FD273434CF00498E60 /* Release */,
			);
			defaultConfigurationIsVisible = 0;
			defaultConfigurationName = Release;
		};
/* End XCConfigurationList section */
	};
	rootObject = 00D451C4273434CA00498E60 /* Project object */;
}
