// !$*UTF8*$!
{
	archiveVersion = 1;
	classes = {
	};
	objectVersion = 55;
	objects = {

/* Begin PBXBuildFile section */
		E41C135127BB4218003B6B2D /* When.mp4 in Resources */ = {isa = PBXBuildFile; fileRef = E41C135027BB4218003B6B2D /* When.mp4 */; };
		E41C135327BB44C4003B6B2D /* Same.mp4 in Resources */ = {isa = PBXBuildFile; fileRef = E41C135227BB44C4003B6B2D /* Same.mp4 */; };
		E41C135727BB47E3003B6B2D /* Who.mp4 in Resources */ = {isa = PBXBuildFile; fileRef = E41C135627BB47E3003B6B2D /* Who.mp4 */; };
		E41C135927BB4817003B6B2D /* Yes.mp4 in Resources */ = {isa = PBXBuildFile; fileRef = E41C135827BB4817003B6B2D /* Yes.mp4 */; };
		E41C135B27BB481E003B6B2D /* No.mp4 in Resources */ = {isa = PBXBuildFile; fileRef = E41C135A27BB481E003B6B2D /* No.mp4 */; };
		E41C135D27BB4AEB003B6B2D /* Bathroom.mp4 in Resources */ = {isa = PBXBuildFile; fileRef = E41C135C27BB4AEB003B6B2D /* Bathroom.mp4 */; };
		E41C135F27BB4AF2003B6B2D /* Hi.mp4 in Resources */ = {isa = PBXBuildFile; fileRef = E41C135E27BB4AF2003B6B2D /* Hi.mp4 */; };
		E41C136127BB4AF8003B6B2D /* Look.mp4 in Resources */ = {isa = PBXBuildFile; fileRef = E41C136027BB4AF8003B6B2D /* Look.mp4 */; };
		E41C136327BB4AFE003B6B2D /* Outside.mp4 in Resources */ = {isa = PBXBuildFile; fileRef = E41C136227BB4AFE003B6B2D /* Outside.mp4 */; };
		E41C136527BB4B17003B6B2D /* Where.mp4 in Resources */ = {isa = PBXBuildFile; fileRef = E41C136427BB4B17003B6B2D /* Where.mp4 */; };
		E4A049E52741EE6F00D3BE4A /* AppDelegate.swift in Sources */ = {isa = PBXBuildFile; fileRef = E4A049E42741EE6F00D3BE4A /* AppDelegate.swift */; };
		E4A049E72741EE6F00D3BE4A /* art.scnassets in Resources */ = {isa = PBXBuildFile; fileRef = E4A049E62741EE6F00D3BE4A /* art.scnassets */; };
		E4A049E92741EE6F00D3BE4A /* ViewController.swift in Sources */ = {isa = PBXBuildFile; fileRef = E4A049E82741EE6F00D3BE4A /* ViewController.swift */; };
		E4A049EC2741EE6F00D3BE4A /* Main.storyboard in Resources */ = {isa = PBXBuildFile; fileRef = E4A049EA2741EE6F00D3BE4A /* Main.storyboard */; };
		E4A049EE2741EE7700D3BE4A /* Assets.xcassets in Resources */ = {isa = PBXBuildFile; fileRef = E4A049ED2741EE7700D3BE4A /* Assets.xcassets */; };
		E4A049F12741EE7700D3BE4A /* LaunchScreen.storyboard in Resources */ = {isa = PBXBuildFile; fileRef = E4A049EF2741EE7700D3BE4A /* LaunchScreen.storyboard */; };
		E4A13C0127D1A39300D1FB31 /* What.mp4 in Resources */ = {isa = PBXBuildFile; fileRef = E4A13C0027D1A39300D1FB31 /* What.mp4 */; };
		E4A13C0D27D1AB0D00D1FB31 /* You.mp4 in Resources */ = {isa = PBXBuildFile; fileRef = E4A13C0327D1AB0A00D1FB31 /* You.mp4 */; };
		E4A13C0E27D1AB0D00D1FB31 /* Funny.mp4 in Resources */ = {isa = PBXBuildFile; fileRef = E4A13C0427D1AB0B00D1FB31 /* Funny.mp4 */; };
		E4A13C0F27D1AB0D00D1FB31 /* Snowy.mp4 in Resources */ = {isa = PBXBuildFile; fileRef = E4A13C0527D1AB0B00D1FB31 /* Snowy.mp4 */; };
		E4A13C1027D1AB0D00D1FB31 /* Bad.mp4 in Resources */ = {isa = PBXBuildFile; fileRef = E4A13C0627D1AB0B00D1FB31 /* Bad.mp4 */; };
		E4A13C1127D1AB0D00D1FB31 /* Cloudy.mp4 in Resources */ = {isa = PBXBuildFile; fileRef = E4A13C0727D1AB0C00D1FB31 /* Cloudy.mp4 */; };
		E4A13C1227D1AB0D00D1FB31 /* Good.mp4 in Resources */ = {isa = PBXBuildFile; fileRef = E4A13C0827D1AB0C00D1FB31 /* Good.mp4 */; };
		E4A13C1327D1AB0D00D1FB31 /* I.mp4 in Resources */ = {isa = PBXBuildFile; fileRef = E4A13C0927D1AB0C00D1FB31 /* I.mp4 */; };
		E4A13C1427D1AB0D00D1FB31 /* Close.mp4 in Resources */ = {isa = PBXBuildFile; fileRef = E4A13C0A27D1AB0D00D1FB31 /* Close.mp4 */; };
		E4A13C1527D1AB0D00D1FB31 /* Open.mp4 in Resources */ = {isa = PBXBuildFile; fileRef = E4A13C0B27D1AB0D00D1FB31 /* Open.mp4 */; };
		E4A13C1727D1AEFA00D1FB31 /* Sunny.mp4 in Resources */ = {isa = PBXBuildFile; fileRef = E4A13C1627D1AEFA00D1FB31 /* Sunny.mp4 */; };
/* End PBXBuildFile section */

/* Begin PBXFileReference section */
		E41C135027BB4218003B6B2D /* When.mp4 */ = {isa = PBXFileReference; lastKnownFileType = file; path = When.mp4; sourceTree = "<group>"; };
		E41C135227BB44C4003B6B2D /* Same.mp4 */ = {isa = PBXFileReference; lastKnownFileType = file; path = Same.mp4; sourceTree = "<group>"; };
		E41C135627BB47E3003B6B2D /* Who.mp4 */ = {isa = PBXFileReference; lastKnownFileType = file; path = Who.mp4; sourceTree = "<group>"; };
		E41C135827BB4817003B6B2D /* Yes.mp4 */ = {isa = PBXFileReference; lastKnownFileType = file; path = Yes.mp4; sourceTree = "<group>"; };
		E41C135A27BB481E003B6B2D /* No.mp4 */ = {isa = PBXFileReference; lastKnownFileType = file; path = No.mp4; sourceTree = "<group>"; };
		E41C135C27BB4AEB003B6B2D /* Bathroom.mp4 */ = {isa = PBXFileReference; lastKnownFileType = file; path = Bathroom.mp4; sourceTree = "<group>"; };
		E41C135E27BB4AF2003B6B2D /* Hi.mp4 */ = {isa = PBXFileReference; lastKnownFileType = file; path = Hi.mp4; sourceTree = "<group>"; };
		E41C136027BB4AF8003B6B2D /* Look.mp4 */ = {isa = PBXFileReference; lastKnownFileType = file; path = Look.mp4; sourceTree = "<group>"; };
		E41C136227BB4AFE003B6B2D /* Outside.mp4 */ = {isa = PBXFileReference; lastKnownFileType = file; path = Outside.mp4; sourceTree = "<group>"; };
		E41C136427BB4B17003B6B2D /* Where.mp4 */ = {isa = PBXFileReference; lastKnownFileType = file; path = Where.mp4; sourceTree = "<group>"; };
		E4A049E12741EE6F00D3BE4A /* ImageDetectionAR.app */ = {isa = PBXFileReference; explicitFileType = wrapper.application; includeInIndex = 0; path = ImageDetectionAR.app; sourceTree = BUILT_PRODUCTS_DIR; };
		E4A049E42741EE6F00D3BE4A /* AppDelegate.swift */ = {isa = PBXFileReference; lastKnownFileType = sourcecode.swift; path = AppDelegate.swift; sourceTree = "<group>"; };
		E4A049E62741EE6F00D3BE4A /* art.scnassets */ = {isa = PBXFileReference; lastKnownFileType = wrapper.scnassets; path = art.scnassets; sourceTree = "<group>"; };
		E4A049E82741EE6F00D3BE4A /* ViewController.swift */ = {isa = PBXFileReference; lastKnownFileType = sourcecode.swift; path = ViewController.swift; sourceTree = "<group>"; };
		E4A049EB2741EE6F00D3BE4A /* Base */ = {isa = PBXFileReference; lastKnownFileType = file.storyboard; name = Base; path = Base.lproj/Main.storyboard; sourceTree = "<group>"; };
		E4A049ED2741EE7700D3BE4A /* Assets.xcassets */ = {isa = PBXFileReference; lastKnownFileType = folder.assetcatalog; path = Assets.xcassets; sourceTree = "<group>"; };
		E4A049F02741EE7700D3BE4A /* Base */ = {isa = PBXFileReference; lastKnownFileType = file.storyboard; name = Base; path = Base.lproj/LaunchScreen.storyboard; sourceTree = "<group>"; };
		E4A13C0027D1A39300D1FB31 /* What.mp4 */ = {isa = PBXFileReference; lastKnownFileType = file; path = What.mp4; sourceTree = "<group>"; };
		E4A13C0327D1AB0A00D1FB31 /* You.mp4 */ = {isa = PBXFileReference; lastKnownFileType = file; path = You.mp4; sourceTree = "<group>"; };
		E4A13C0427D1AB0B00D1FB31 /* Funny.mp4 */ = {isa = PBXFileReference; lastKnownFileType = file; path = Funny.mp4; sourceTree = "<group>"; };
		E4A13C0527D1AB0B00D1FB31 /* Snowy.mp4 */ = {isa = PBXFileReference; lastKnownFileType = file; path = Snowy.mp4; sourceTree = "<group>"; };
		E4A13C0627D1AB0B00D1FB31 /* Bad.mp4 */ = {isa = PBXFileReference; lastKnownFileType = file; path = Bad.mp4; sourceTree = "<group>"; };
		E4A13C0727D1AB0C00D1FB31 /* Cloudy.mp4 */ = {isa = PBXFileReference; lastKnownFileType = file; path = Cloudy.mp4; sourceTree = "<group>"; };
		E4A13C0827D1AB0C00D1FB31 /* Good.mp4 */ = {isa = PBXFileReference; lastKnownFileType = file; path = Good.mp4; sourceTree = "<group>"; };
		E4A13C0927D1AB0C00D1FB31 /* I.mp4 */ = {isa = PBXFileReference; lastKnownFileType = file; path = I.mp4; sourceTree = "<group>"; };
		E4A13C0A27D1AB0D00D1FB31 /* Close.mp4 */ = {isa = PBXFileReference; lastKnownFileType = file; path = Close.mp4; sourceTree = "<group>"; };
		E4A13C0B27D1AB0D00D1FB31 /* Open.mp4 */ = {isa = PBXFileReference; lastKnownFileType = file; path = Open.mp4; sourceTree = "<group>"; };
		E4A13C1627D1AEFA00D1FB31 /* Sunny.mp4 */ = {isa = PBXFileReference; lastKnownFileType = file; path = Sunny.mp4; sourceTree = "<group>"; };
/* End PBXFileReference section */

/* Begin PBXFrameworksBuildPhase section */
		E4A049DE2741EE6F00D3BE4A /* Frameworks */ = {
			isa = PBXFrameworksBuildPhase;
			buildActionMask = 2147483647;
			files = (
			);
			runOnlyForDeploymentPostprocessing = 0;
		};
/* End PBXFrameworksBuildPhase section */

/* Begin PBXGroup section */
		E4A049D82741EE6F00D3BE4A = {
			isa = PBXGroup;
			children = (
				E4A049E32741EE6F00D3BE4A /* ImageDetectionAR */,
				E4A049E22741EE6F00D3BE4A /* Products */,
			);
			sourceTree = "<group>";
		};
		E4A049E22741EE6F00D3BE4A /* Products */ = {
			isa = PBXGroup;
			children = (
				E4A049E12741EE6F00D3BE4A /* ImageDetectionAR.app */,
			);
			name = Products;
			sourceTree = "<group>";
		};
		E4A049E32741EE6F00D3BE4A /* ImageDetectionAR */ = {
			isa = PBXGroup;
			children = (
				E4A13C0627D1AB0B00D1FB31 /* Bad.mp4 */,
				E4A13C0A27D1AB0D00D1FB31 /* Close.mp4 */,
				E4A13C0727D1AB0C00D1FB31 /* Cloudy.mp4 */,
				E4A13C0427D1AB0B00D1FB31 /* Funny.mp4 */,
				E4A13C0827D1AB0C00D1FB31 /* Good.mp4 */,
				E4A13C0927D1AB0C00D1FB31 /* I.mp4 */,
				E4A13C0B27D1AB0D00D1FB31 /* Open.mp4 */,
				E4A13C0527D1AB0B00D1FB31 /* Snowy.mp4 */,
				E4A13C0327D1AB0A00D1FB31 /* You.mp4 */,
				E41C136227BB4AFE003B6B2D /* Outside.mp4 */,
				E4A13C1627D1AEFA00D1FB31 /* Sunny.mp4 */,
				E41C136027BB4AF8003B6B2D /* Look.mp4 */,
				E41C135E27BB4AF2003B6B2D /* Hi.mp4 */,
				E41C135C27BB4AEB003B6B2D /* Bathroom.mp4 */,
				E4A13C0027D1A39300D1FB31 /* What.mp4 */,
				E41C135627BB47E3003B6B2D /* Who.mp4 */,
				E41C135827BB4817003B6B2D /* Yes.mp4 */,
				E41C135227BB44C4003B6B2D /* Same.mp4 */,
				E41C135A27BB481E003B6B2D /* No.mp4 */,
				E41C136427BB4B17003B6B2D /* Where.mp4 */,
				E41C135027BB4218003B6B2D /* When.mp4 */,
				E4A049E42741EE6F00D3BE4A /* AppDelegate.swift */,
				E4A049E62741EE6F00D3BE4A /* art.scnassets */,
				E4A049E82741EE6F00D3BE4A /* ViewController.swift */,
				E4A049EA2741EE6F00D3BE4A /* Main.storyboard */,
				E4A049ED2741EE7700D3BE4A /* Assets.xcassets */,
				E4A049EF2741EE7700D3BE4A /* LaunchScreen.storyboard */,
			);
			path = ImageDetectionAR;
			sourceTree = "<group>";
		};
/* End PBXGroup section */

/* Begin PBXNativeTarget section */
		E4A049E02741EE6F00D3BE4A /* ImageDetectionAR */ = {
			isa = PBXNativeTarget;
			buildConfigurationList = E4A049F42741EE7700D3BE4A /* Build configuration list for PBXNativeTarget "ImageDetectionAR" */;
			buildPhases = (
				E4A049DD2741EE6F00D3BE4A /* Sources */,
				E4A049DE2741EE6F00D3BE4A /* Frameworks */,
				E4A049DF2741EE6F00D3BE4A /* Resources */,
			);
			buildRules = (
			);
			dependencies = (
			);
			name = ImageDetectionAR;
			productName = ImageDetectionAR;
			productReference = E4A049E12741EE6F00D3BE4A /* ImageDetectionAR.app */;
			productType = "com.apple.product-type.application";
		};
/* End PBXNativeTarget section */

/* Begin PBXProject section */
		E4A049D92741EE6F00D3BE4A /* Project object */ = {
			isa = PBXProject;
			attributes = {
				BuildIndependentTargetsInParallel = 1;
				LastSwiftUpdateCheck = 1310;
				LastUpgradeCheck = 1310;
				TargetAttributes = {
					E4A049E02741EE6F00D3BE4A = {
						CreatedOnToolsVersion = 13.1;
					};
				};
			};
			buildConfigurationList = E4A049DC2741EE6F00D3BE4A /* Build configuration list for PBXProject "ImageDetectionAR" */;
			compatibilityVersion = "Xcode 13.0";
			developmentRegion = en;
			hasScannedForEncodings = 0;
			knownRegions = (
				en,
				Base,
			);
			mainGroup = E4A049D82741EE6F00D3BE4A;
			productRefGroup = E4A049E22741EE6F00D3BE4A /* Products */;
			projectDirPath = "";
			projectRoot = "";
			targets = (
				E4A049E02741EE6F00D3BE4A /* ImageDetectionAR */,
			);
		};
/* End PBXProject section */

/* Begin PBXResourcesBuildPhase section */
		E4A049DF2741EE6F00D3BE4A /* Resources */ = {
			isa = PBXResourcesBuildPhase;
			buildActionMask = 2147483647;
			files = (
				E4A13C1227D1AB0D00D1FB31 /* Good.mp4 in Resources */,
				E41C135127BB4218003B6B2D /* When.mp4 in Resources */,
				E41C135D27BB4AEB003B6B2D /* Bathroom.mp4 in Resources */,
				E41C136127BB4AF8003B6B2D /* Look.mp4 in Resources */,
				E41C135727BB47E3003B6B2D /* Who.mp4 in Resources */,
				E4A049E72741EE6F00D3BE4A /* art.scnassets in Resources */,
				E41C136327BB4AFE003B6B2D /* Outside.mp4 in Resources */,
				E4A13C1727D1AEFA00D1FB31 /* Sunny.mp4 in Resources */,
				E4A049F12741EE7700D3BE4A /* LaunchScreen.storyboard in Resources */,
				E41C135F27BB4AF2003B6B2D /* Hi.mp4 in Resources */,
				E41C135327BB44C4003B6B2D /* Same.mp4 in Resources */,
				E4A049EE2741EE7700D3BE4A /* Assets.xcassets in Resources */,
				E4A13C0D27D1AB0D00D1FB31 /* You.mp4 in Resources */,
				E41C135927BB4817003B6B2D /* Yes.mp4 in Resources */,
				E4A13C0E27D1AB0D00D1FB31 /* Funny.mp4 in Resources */,
				E4A13C1527D1AB0D00D1FB31 /* Open.mp4 in Resources */,
				E4A13C1327D1AB0D00D1FB31 /* I.mp4 in Resources */,
				E4A13C1127D1AB0D00D1FB31 /* Cloudy.mp4 in Resources */,
				E41C135B27BB481E003B6B2D /* No.mp4 in Resources */,
				E4A13C0F27D1AB0D00D1FB31 /* Snowy.mp4 in Resources */,
				E4A049EC2741EE6F00D3BE4A /* Main.storyboard in Resources */,
				E4A13C1027D1AB0D00D1FB31 /* Bad.mp4 in Resources */,
				E41C136527BB4B17003B6B2D /* Where.mp4 in Resources */,
				E4A13C1427D1AB0D00D1FB31 /* Close.mp4 in Resources */,
				E4A13C0127D1A39300D1FB31 /* What.mp4 in Resources */,
			);
			runOnlyForDeploymentPostprocessing = 0;
		};
/* End PBXResourcesBuildPhase section */

/* Begin PBXSourcesBuildPhase section */
		E4A049DD2741EE6F00D3BE4A /* Sources */ = {
			isa = PBXSourcesBuildPhase;
			buildActionMask = 2147483647;
			files = (
				E4A049E92741EE6F00D3BE4A /* ViewController.swift in Sources */,
				E4A049E52741EE6F00D3BE4A /* AppDelegate.swift in Sources */,
			);
			runOnlyForDeploymentPostprocessing = 0;
		};
/* End PBXSourcesBuildPhase section */

/* Begin PBXVariantGroup section */
		E4A049EA2741EE6F00D3BE4A /* Main.storyboard */ = {
			isa = PBXVariantGroup;
			children = (
				E4A049EB2741EE6F00D3BE4A /* Base */,
			);
			name = Main.storyboard;
			sourceTree = "<group>";
		};
		E4A049EF2741EE7700D3BE4A /* LaunchScreen.storyboard */ = {
			isa = PBXVariantGroup;
			children = (
				E4A049F02741EE7700D3BE4A /* Base */,
			);
			name = LaunchScreen.storyboard;
			sourceTree = "<group>";
		};
/* End PBXVariantGroup section */

/* Begin XCBuildConfiguration section */
		E4A049F22741EE7700D3BE4A /* Debug */ = {
			isa = XCBuildConfiguration;
			buildSettings = {
				ALWAYS_SEARCH_USER_PATHS = NO;
				CLANG_ANALYZER_NONNULL = YES;
				CLANG_ANALYZER_NUMBER_OBJECT_CONVERSION = YES_AGGRESSIVE;
				CLANG_CXX_LANGUAGE_STANDARD = "gnu++17";
				CLANG_CXX_LIBRARY = "libc++";
				CLANG_ENABLE_MODULES = YES;
				CLANG_ENABLE_OBJC_ARC = YES;
				CLANG_ENABLE_OBJC_WEAK = YES;
				CLANG_WARN_BLOCK_CAPTURE_AUTORELEASING = YES;
				CLANG_WARN_BOOL_CONVERSION = YES;
				CLANG_WARN_COMMA = YES;
				CLANG_WARN_CONSTANT_CONVERSION = YES;
				CLANG_WARN_DEPRECATED_OBJC_IMPLEMENTATIONS = YES;
				CLANG_WARN_DIRECT_OBJC_ISA_USAGE = YES_ERROR;
				CLANG_WARN_DOCUMENTATION_COMMENTS = YES;
				CLANG_WARN_EMPTY_BODY = YES;
				CLANG_WARN_ENUM_CONVERSION = YES;
				CLANG_WARN_INFINITE_RECURSION = YES;
				CLANG_WARN_INT_CONVERSION = YES;
				CLANG_WARN_NON_LITERAL_NULL_CONVERSION = YES;
				CLANG_WARN_OBJC_IMPLICIT_RETAIN_SELF = YES;
				CLANG_WARN_OBJC_LITERAL_CONVERSION = YES;
				CLANG_WARN_OBJC_ROOT_CLASS = YES_ERROR;
				CLANG_WARN_QUOTED_INCLUDE_IN_FRAMEWORK_HEADER = YES;
				CLANG_WARN_RANGE_LOOP_ANALYSIS = YES;
				CLANG_WARN_STRICT_PROTOTYPES = YES;
				CLANG_WARN_SUSPICIOUS_MOVE = YES;
				CLANG_WARN_UNGUARDED_AVAILABILITY = YES_AGGRESSIVE;
				CLANG_WARN_UNREACHABLE_CODE = YES;
				CLANG_WARN__DUPLICATE_METHOD_MATCH = YES;
				COPY_PHASE_STRIP = NO;
				DEBUG_INFORMATION_FORMAT = dwarf;
				ENABLE_STRICT_OBJC_MSGSEND = YES;
				ENABLE_TESTABILITY = YES;
				GCC_C_LANGUAGE_STANDARD = gnu11;
				GCC_DYNAMIC_NO_PIC = NO;
				GCC_NO_COMMON_BLOCKS = YES;
				GCC_OPTIMIZATION_LEVEL = 0;
				GCC_PREPROCESSOR_DEFINITIONS = (
					"DEBUG=1",
					"$(inherited)",
				);
				GCC_WARN_64_TO_32_BIT_CONVERSION = YES;
				GCC_WARN_ABOUT_RETURN_TYPE = YES_ERROR;
				GCC_WARN_UNDECLARED_SELECTOR = YES;
				GCC_WARN_UNINITIALIZED_AUTOS = YES_AGGRESSIVE;
				GCC_WARN_UNUSED_FUNCTION = YES;
				GCC_WARN_UNUSED_VARIABLE = YES;
				IPHONEOS_DEPLOYMENT_TARGET = 15.0;
				MTL_ENABLE_DEBUG_INFO = INCLUDE_SOURCE;
				MTL_FAST_MATH = YES;
				ONLY_ACTIVE_ARCH = YES;
				SDKROOT = iphoneos;
				SWIFT_ACTIVE_COMPILATION_CONDITIONS = DEBUG;
				SWIFT_OPTIMIZATION_LEVEL = "-Onone";
			};
			name = Debug;
		};
		E4A049F32741EE7700D3BE4A /* Release */ = {
			isa = XCBuildConfiguration;
			buildSettings = {
				ALWAYS_SEARCH_USER_PATHS = NO;
				CLANG_ANALYZER_NONNULL = YES;
				CLANG_ANALYZER_NUMBER_OBJECT_CONVERSION = YES_AGGRESSIVE;
				CLANG_CXX_LANGUAGE_STANDARD = "gnu++17";
				CLANG_CXX_LIBRARY = "libc++";
				CLANG_ENABLE_MODULES = YES;
				CLANG_ENABLE_OBJC_ARC = YES;
				CLANG_ENABLE_OBJC_WEAK = YES;
				CLANG_WARN_BLOCK_CAPTURE_AUTORELEASING = YES;
				CLANG_WARN_BOOL_CONVERSION = YES;
				CLANG_WARN_COMMA = YES;
				CLANG_WARN_CONSTANT_CONVERSION = YES;
				CLANG_WARN_DEPRECATED_OBJC_IMPLEMENTATIONS = YES;
				CLANG_WARN_DIRECT_OBJC_ISA_USAGE = YES_ERROR;
				CLANG_WARN_DOCUMENTATION_COMMENTS = YES;
				CLANG_WARN_EMPTY_BODY = YES;
				CLANG_WARN_ENUM_CONVERSION = YES;
				CLANG_WARN_INFINITE_RECURSION = YES;
				CLANG_WARN_INT_CONVERSION = YES;
				CLANG_WARN_NON_LITERAL_NULL_CONVERSION = YES;
				CLANG_WARN_OBJC_IMPLICIT_RETAIN_SELF = YES;
				CLANG_WARN_OBJC_LITERAL_CONVERSION = YES;
				CLANG_WARN_OBJC_ROOT_CLASS = YES_ERROR;
				CLANG_WARN_QUOTED_INCLUDE_IN_FRAMEWORK_HEADER = YES;
				CLANG_WARN_RANGE_LOOP_ANALYSIS = YES;
				CLANG_WARN_STRICT_PROTOTYPES = YES;
				CLANG_WARN_SUSPICIOUS_MOVE = YES;
				CLANG_WARN_UNGUARDED_AVAILABILITY = YES_AGGRESSIVE;
				CLANG_WARN_UNREACHABLE_CODE = YES;
				CLANG_WARN__DUPLICATE_METHOD_MATCH = YES;
				COPY_PHASE_STRIP = NO;
				DEBUG_INFORMATION_FORMAT = "dwarf-with-dsym";
				ENABLE_NS_ASSERTIONS = NO;
				ENABLE_STRICT_OBJC_MSGSEND = YES;
				GCC_C_LANGUAGE_STANDARD = gnu11;
				GCC_NO_COMMON_BLOCKS = YES;
				GCC_WARN_64_TO_32_BIT_CONVERSION = YES;
				GCC_WARN_ABOUT_RETURN_TYPE = YES_ERROR;
				GCC_WARN_UNDECLARED_SELECTOR = YES;
				GCC_WARN_UNINITIALIZED_AUTOS = YES_AGGRESSIVE;
				GCC_WARN_UNUSED_FUNCTION = YES;
				GCC_WARN_UNUSED_VARIABLE = YES;
				IPHONEOS_DEPLOYMENT_TARGET = 15.0;
				MTL_ENABLE_DEBUG_INFO = NO;
				MTL_FAST_MATH = YES;
				SDKROOT = iphoneos;
				SWIFT_COMPILATION_MODE = wholemodule;
				SWIFT_OPTIMIZATION_LEVEL = "-O";
				VALIDATE_PRODUCT = YES;
			};
			name = Release;
		};
		E4A049F52741EE7700D3BE4A /* Debug */ = {
			isa = XCBuildConfiguration;
			buildSettings = {
				ASSETCATALOG_COMPILER_APPICON_NAME = AppIcon;
				ASSETCATALOG_COMPILER_GLOBAL_ACCENT_COLOR_NAME = AccentColor;
				CODE_SIGN_STYLE = Automatic;
				CURRENT_PROJECT_VERSION = 1;
				DEVELOPMENT_TEAM = GW56879RGX;
				GENERATE_INFOPLIST_FILE = YES;
				INFOPLIST_KEY_NSCameraUsageDescription = "";
				INFOPLIST_KEY_UIApplicationSupportsIndirectInputEvents = YES;
				INFOPLIST_KEY_UILaunchStoryboardName = LaunchScreen;
				INFOPLIST_KEY_UIMainStoryboardFile = Main;
				INFOPLIST_KEY_UIRequiredDeviceCapabilities = arkit;
				INFOPLIST_KEY_UIStatusBarHidden = YES;
				INFOPLIST_KEY_UISupportedInterfaceOrientations_iPad = "UIInterfaceOrientationPortrait UIInterfaceOrientationPortraitUpsideDown UIInterfaceOrientationLandscapeLeft UIInterfaceOrientationLandscapeRight";
				INFOPLIST_KEY_UISupportedInterfaceOrientations_iPhone = "UIInterfaceOrientationPortrait UIInterfaceOrientationLandscapeLeft UIInterfaceOrientationLandscapeRight";
				LD_RUNPATH_SEARCH_PATHS = (
					"$(inherited)",
					"@executable_path/Frameworks",
				);
				MARKETING_VERSION = 1.0;
				PRODUCT_BUNDLE_IDENTIFIER = "Wenting-Yu.ImageDetectionAR.2";
				PRODUCT_NAME = "$(TARGET_NAME)";
				SWIFT_EMIT_LOC_STRINGS = YES;
				SWIFT_VERSION = 5.0;
				TARGETED_DEVICE_FAMILY = "1,2";
			};
			name = Debug;
		};
		E4A049F62741EE7700D3BE4A /* Release */ = {
			isa = XCBuildConfiguration;
			buildSettings = {
				ASSETCATALOG_COMPILER_APPICON_NAME = AppIcon;
				ASSETCATALOG_COMPILER_GLOBAL_ACCENT_COLOR_NAME = AccentColor;
				CODE_SIGN_STYLE = Automatic;
				CURRENT_PROJECT_VERSION = 1;
				DEVELOPMENT_TEAM = GW56879RGX;
				GENERATE_INFOPLIST_FILE = YES;
				INFOPLIST_KEY_NSCameraUsageDescription = "";
				INFOPLIST_KEY_UIApplicationSupportsIndirectInputEvents = YES;
				INFOPLIST_KEY_UILaunchStoryboardName = LaunchScreen;
				INFOPLIST_KEY_UIMainStoryboardFile = Main;
				INFOPLIST_KEY_UIRequiredDeviceCapabilities = arkit;
				INFOPLIST_KEY_UIStatusBarHidden = YES;
				INFOPLIST_KEY_UISupportedInterfaceOrientations_iPad = "UIInterfaceOrientationPortrait UIInterfaceOrientationPortraitUpsideDown UIInterfaceOrientationLandscapeLeft UIInterfaceOrientationLandscapeRight";
				INFOPLIST_KEY_UISupportedInterfaceOrientations_iPhone = "UIInterfaceOrientationPortrait UIInterfaceOrientationLandscapeLeft UIInterfaceOrientationLandscapeRight";
				LD_RUNPATH_SEARCH_PATHS = (
					"$(inherited)",
					"@executable_path/Frameworks",
				);
				MARKETING_VERSION = 1.0;
				PRODUCT_BUNDLE_IDENTIFIER = "Wenting-Yu.ImageDetectionAR.2";
				PRODUCT_NAME = "$(TARGET_NAME)";
				SWIFT_EMIT_LOC_STRINGS = YES;
				SWIFT_VERSION = 5.0;
				TARGETED_DEVICE_FAMILY = "1,2";
			};
			name = Release;
		};
/* End XCBuildConfiguration section */

/* Begin XCConfigurationList section */
		E4A049DC2741EE6F00D3BE4A /* Build configuration list for PBXProject "ImageDetectionAR" */ = {
			isa = XCConfigurationList;
			buildConfigurations = (
				E4A049F22741EE7700D3BE4A /* Debug */,
				E4A049F32741EE7700D3BE4A /* Release */,
			);
			defaultConfigurationIsVisible = 0;
			defaultConfigurationName = Release;
		};
		E4A049F42741EE7700D3BE4A /* Build configuration list for PBXNativeTarget "ImageDetectionAR" */ = {
			isa = XCConfigurationList;
			buildConfigurations = (
				E4A049F52741EE7700D3BE4A /* Debug */,
				E4A049F62741EE7700D3BE4A /* Release */,
			);
			defaultConfigurationIsVisible = 0;
			defaultConfigurationName = Release;
		};
/* End XCConfigurationList section */
	};
	rootObject = E4A049D92741EE6F00D3BE4A /* Project object */;
}
